
Microsoft Visual Studio Solution File, Format Version 12.00
# Visual Studio Version 16
VisualStudioVersion = 16.0.30114.105
MinimumVisualStudioVersion = 10.0.40219.1
Project("{FAE04EC0-301F-11D3-BF4B-00C04F79EFBC}") = "IdeaRanking", "IdeaRanking\IdeaRanking.csproj", "{994998F6-426A-485C-A583-599F7963453D}"
EndProject
Global
	GlobalSection(SolutionConfigurationPlatforms) = preSolution
		Debug|Any CPU = Debug|Any CPU
		Release|Any CPU = Release|Any CPU
	EndGlobalSection
	GlobalSection(SolutionProperties) = preSolution
		HideSolutionNode = FALSE
	EndGlobalSection
	GlobalSection(ProjectConfigurationPlatforms) = postSolution
		{994998F6-426A-485C-A583-599F7963453D}.Debug|Any CPU.ActiveCfg = Debug|Any CPU
		{994998F6-426A-485C-A583-599F7963453D}.Debug|Any CPU.Build.0 = Debug|Any CPU
		{994998F6-426A-485C-A583-599F7963453D}.Release|Any CPU.ActiveCfg = Release|Any CPU
		{994998F6-426A-485C-A583-599F7963453D}.Release|Any CPU.Build.0 = Release|Any CPU
	EndGlobalSection
EndGlobal
